
Microsoft Visual Studio Solution File, Format Version 12.00
# Visual Studio 15
Project("{FAE04EC0-301F-11D3-BF4B-00C04F79EFBC}") = "Assembly-CSharp", "Assembly-CSharp.csproj", "{F4A32DE7-F6DD-3248-482E-05C85DFF2126}"
EndProject
Global
	GlobalSection(SolutionConfigurationPlatforms) = preSolution
		Debug|Any CPU = Debug|Any CPU
		Release|Any CPU = Release|Any CPU
	EndGlobalSection
	GlobalSection(ProjectConfigurationPlatforms) = postSolution
		{F4A32DE7-F6DD-3248-482E-05C85DFF2126}.Debug|Any CPU.ActiveCfg = Debug|Any CPU
		{F4A32DE7-F6DD-3248-482E-05C85DFF2126}.Debug|Any CPU.Build.0 = Debug|Any CPU
		{F4A32DE7-F6DD-3248-482E-05C85DFF2126}.Release|Any CPU.ActiveCfg = Release|Any CPU
		{F4A32DE7-F6DD-3248-482E-05C85DFF2126}.Release|Any CPU.Build.0 = Release|Any CPU
	EndGlobalSection
	GlobalSection(SolutionProperties) = preSolution
		HideSolutionNode = FALSE
	EndGlobalSection
EndGlobal
